
Microsoft Visual Studio Solution File, Format Version 12.00
# Visual Studio Version 16
VisualStudioVersion = 16.0.29424.173
MinimumVisualStudioVersion = 10.0.40219.1
Project("{FAE04EC0-301F-11D3-BF4B-00C04F79EFBC}") = "PortfolioWebApp", "PortfolioWebApp.csproj", "{65780DED-A044-4F72-B2B2-45C1615925E3}"
EndProject
Global
	GlobalSection(SolutionConfigurationPlatforms) = preSolution
		Debug|Any CPU = Debug|Any CPU
		Release|Any CPU = Release|Any CPU
	EndGlobalSection
	GlobalSection(ProjectConfigurationPlatforms) = postSolution
		{65780DED-A044-4F72-B2B2-45C1615925E3}.Debug|Any CPU.ActiveCfg = Debug|Any CPU
		{65780DED-A044-4F72-B2B2-45C1615925E3}.Debug|Any CPU.Build.0 = Debug|Any CPU
		{65780DED-A044-4F72-B2B2-45C1615925E3}.Release|Any CPU.ActiveCfg = Release|Any CPU
		{65780DED-A044-4F72-B2B2-45C1615925E3}.Release|Any CPU.Build.0 = Release|Any CPU
	EndGlobalSection
	GlobalSection(SolutionProperties) = preSolution
		HideSolutionNode = FALSE
	EndGlobalSection
	GlobalSection(ExtensibilityGlobals) = postSolution
		SolutionGuid = {A14384A0-6705-433F-B3E7-BD899FE3A78E}
	EndGlobalSection
EndGlobal
